
Microsoft Visual Studio Solution File, Format Version 12.00
# Visual Studio Version 16
VisualStudioVersion = 16.0.30804.86
MinimumVisualStudioVersion = 10.0.40219.1
Project("{FAE04EC0-301F-11D3-BF4B-00C04F79EFBC}") = "Part 2", "Part 2.csproj", "{0A4E58DA-D156-48E2-B5D7-4E219C1561CC}"
EndProject
Global
	GlobalSection(SolutionConfigurationPlatforms) = preSolution
		Debug|Any CPU = Debug|Any CPU
		Release|Any CPU = Release|Any CPU
	EndGlobalSection
	GlobalSection(ProjectConfigurationPlatforms) = postSolution
		{0A4E58DA-D156-48E2-B5D7-4E219C1561CC}.Debug|Any CPU.ActiveCfg = Debug|Any CPU
		{0A4E58DA-D156-48E2-B5D7-4E219C1561CC}.Debug|Any CPU.Build.0 = Debug|Any CPU
		{0A4E58DA-D156-48E2-B5D7-4E219C1561CC}.Release|Any CPU.ActiveCfg = Release|Any CPU
		{0A4E58DA-D156-48E2-B5D7-4E219C1561CC}.Release|Any CPU.Build.0 = Release|Any CPU
	EndGlobalSection
	GlobalSection(SolutionProperties) = preSolution
		HideSolutionNode = FALSE
	EndGlobalSection
	GlobalSection(ExtensibilityGlobals) = postSolution
		SolutionGuid = {8B1F4537-3353-4019-9B7D-D3109043E56B}
	EndGlobalSection
EndGlobal
